
Microsoft Visual Studio Solution File, Format Version 12.00
# Visual Studio Version 17
VisualStudioVersion = 17.13.35931.197 d17.13
MinimumVisualStudioVersion = 10.0.40219.1
Project("{FAE04EC0-301F-11D3-BF4B-00C04F79EFBC}") = "04_Vetores", "04_Vetores.csproj", "{597C698D-3464-4608-B8AF-A5AD6C953E06}"
EndProject
Global
	GlobalSection(SolutionConfigurationPlatforms) = preSolution
		Debug|Any CPU = Debug|Any CPU
		Release|Any CPU = Release|Any CPU
	EndGlobalSection
	GlobalSection(ProjectConfigurationPlatforms) = postSolution
		{597C698D-3464-4608-B8AF-A5AD6C953E06}.Debug|Any CPU.ActiveCfg = Debug|Any CPU
		{597C698D-3464-4608-B8AF-A5AD6C953E06}.Debug|Any CPU.Build.0 = Debug|Any CPU
		{597C698D-3464-4608-B8AF-A5AD6C953E06}.Release|Any CPU.ActiveCfg = Release|Any CPU
		{597C698D-3464-4608-B8AF-A5AD6C953E06}.Release|Any CPU.Build.0 = Release|Any CPU
	EndGlobalSection
	GlobalSection(SolutionProperties) = preSolution
		HideSolutionNode = FALSE
	EndGlobalSection
	GlobalSection(ExtensibilityGlobals) = postSolution
		SolutionGuid = {5131DE9A-2429-4095-B854-A3B5A46112FF}
	EndGlobalSection
EndGlobal
